
Microsoft Visual Studio Solution File, Format Version 12.00
# Visual Studio Version 17
VisualStudioVersion = 17.5.002.0
MinimumVisualStudioVersion = 10.0.40219.1
Project("{9A19103F-16F7-4668-BE54-9A1E7A4F7556}") = "OcelotApiGw - Backup", "OcelotApiGw\OcelotApiGw - Backup.csproj", "{93C2DBD0-3B68-44B2-8529-2FC9E21A6E39}"
EndProject
Project("{9A19103F-16F7-4668-BE54-9A1E7A4F7556}") = "OcelotApiGw", "OcelotApiGw\OcelotApiGw.csproj", "{1F5FDAB5-1860-4030-8ABD-865359A86325}"
EndProject
Project("{9A19103F-16F7-4668-BE54-9A1E7A4F7556}") = "Shopping.Aggregator", "Shopping.Aggregator\Shopping.Aggregator.csproj", "{6DF5FED9-B2F9-40A1-934E-5710695FCAB7}"
EndProject
Global
	GlobalSection(SolutionConfigurationPlatforms) = preSolution
		Debug|Any CPU = Debug|Any CPU
		Release|Any CPU = Release|Any CPU
	EndGlobalSection
	GlobalSection(ProjectConfigurationPlatforms) = postSolution
		{93C2DBD0-3B68-44B2-8529-2FC9E21A6E39}.Debug|Any CPU.ActiveCfg = Debug|Any CPU
		{93C2DBD0-3B68-44B2-8529-2FC9E21A6E39}.Debug|Any CPU.Build.0 = Debug|Any CPU
		{93C2DBD0-3B68-44B2-8529-2FC9E21A6E39}.Release|Any CPU.ActiveCfg = Release|Any CPU
		{93C2DBD0-3B68-44B2-8529-2FC9E21A6E39}.Release|Any CPU.Build.0 = Release|Any CPU
		{1F5FDAB5-1860-4030-8ABD-865359A86325}.Debug|Any CPU.ActiveCfg = Debug|Any CPU
		{1F5FDAB5-1860-4030-8ABD-865359A86325}.Debug|Any CPU.Build.0 = Debug|Any CPU
		{1F5FDAB5-1860-4030-8ABD-865359A86325}.Release|Any CPU.ActiveCfg = Release|Any CPU
		{1F5FDAB5-1860-4030-8ABD-865359A86325}.Release|Any CPU.Build.0 = Release|Any CPU
		{6DF5FED9-B2F9-40A1-934E-5710695FCAB7}.Debug|Any CPU.ActiveCfg = Debug|Any CPU
		{6DF5FED9-B2F9-40A1-934E-5710695FCAB7}.Debug|Any CPU.Build.0 = Debug|Any CPU
		{6DF5FED9-B2F9-40A1-934E-5710695FCAB7}.Release|Any CPU.ActiveCfg = Release|Any CPU
		{6DF5FED9-B2F9-40A1-934E-5710695FCAB7}.Release|Any CPU.Build.0 = Release|Any CPU
	EndGlobalSection
	GlobalSection(SolutionProperties) = preSolution
		HideSolutionNode = FALSE
	EndGlobalSection
	GlobalSection(ExtensibilityGlobals) = postSolution
		SolutionGuid = {30EDF0B2-4DEE-4AFF-B5A2-B4915718732A}
	EndGlobalSection
EndGlobal
