
Microsoft Visual Studio Solution File, Format Version 12.00
# Visual Studio Version 17
VisualStudioVersion = 17.8.34511.84
MinimumVisualStudioVersion = 10.0.40219.1
Project("{2150E333-8FDC-42A3-9474-1A3956D46DE8}") = "Services", "Services", "{A0334116-A856-4E69-A8AA-42D6518E373C}"
EndProject
Project("{2150E333-8FDC-42A3-9474-1A3956D46DE8}") = "Catalog", "Catalog", "{83CC749E-180D-4202-91FF-8F17D3D79637}"
EndProject
Project("{9A19103F-16F7-4668-BE54-9A1E7A4F7556}") = "Catalog.API", "Services\Catalog\Catalog.API\Catalog.API\Catalog.API.csproj", "{DBBB05D4-B336-49A7-A42B-FE3518055B45}"
EndProject
Project("{2150E333-8FDC-42A3-9474-1A3956D46DE8}") = "Basket", "Basket", "{DC2CE50F-7588-4F3C-8548-405E499B2A63}"
EndProject
Project("{9A19103F-16F7-4668-BE54-9A1E7A4F7556}") = "Basket.API", "Services\Basket\Basket.API\Basket.API.csproj", "{BF1B0316-769F-4E1A-908B-1E8CABE78CA5}"
EndProject
Project("{E53339B2-1760-4266-BCC7-CA923CBCF16C}") = "docker-compose", "docker-compose.dcproj", "{C7C40F75-301F-481A-8BB8-F98B9822DC42}"
EndProject
Project("{2150E333-8FDC-42A3-9474-1A3956D46DE8}") = "Discount", "Discount", "{8B44E567-C6D8-4057-8EA0-3A4AD73E95F8}"
EndProject
Project("{9A19103F-16F7-4668-BE54-9A1E7A4F7556}") = "Discount.API", "Services\Discount\Discount.API\Discount.API.csproj", "{9DB28DFD-791D-4B90-8CC1-E2FC6BEF8852}"
EndProject
Project("{9A19103F-16F7-4668-BE54-9A1E7A4F7556}") = "Discount.Grpc", "Services\Discount\Discount.Grpc\Discount.Grpc.csproj", "{F020217E-C179-4155-BE70-715D3B8A284B}"
EndProject
Project("{9A19103F-16F7-4668-BE54-9A1E7A4F7556}") = "Ordering.Application", "Services\Ordering\Ordering.Application\Ordering.Application.csproj", "{DD5BB69E-915B-423B-9C58-A6B9DA04D40F}"
EndProject
Project("{9A19103F-16F7-4668-BE54-9A1E7A4F7556}") = "Ordering.Domain", "Services\Ordering\Ordering.Domain\Ordering.Domain.csproj", "{EAD4E2F8-1B09-4862-8226-051BAF446D22}"
EndProject
Project("{9A19103F-16F7-4668-BE54-9A1E7A4F7556}") = "Ordering.Infrastructure", "Services\Ordering\Ordering.Infrastructure\Ordering.Infrastructure.csproj", "{E677484C-D382-4F48-A55F-4521F62A7ACC}"
EndProject
Project("{2150E333-8FDC-42A3-9474-1A3956D46DE8}") = "Ordering", "Ordering", "{AA972C49-8F2C-40F8-8988-B93B722B2A8D}"
EndProject
Global
	GlobalSection(SolutionConfigurationPlatforms) = preSolution
		Debug|Any CPU = Debug|Any CPU
		Release|Any CPU = Release|Any CPU
	EndGlobalSection
	GlobalSection(ProjectConfigurationPlatforms) = postSolution
		{DBBB05D4-B336-49A7-A42B-FE3518055B45}.Debug|Any CPU.ActiveCfg = Debug|Any CPU
		{DBBB05D4-B336-49A7-A42B-FE3518055B45}.Debug|Any CPU.Build.0 = Debug|Any CPU
		{DBBB05D4-B336-49A7-A42B-FE3518055B45}.Release|Any CPU.ActiveCfg = Release|Any CPU
		{DBBB05D4-B336-49A7-A42B-FE3518055B45}.Release|Any CPU.Build.0 = Release|Any CPU
		{BF1B0316-769F-4E1A-908B-1E8CABE78CA5}.Debug|Any CPU.ActiveCfg = Debug|Any CPU
		{BF1B0316-769F-4E1A-908B-1E8CABE78CA5}.Debug|Any CPU.Build.0 = Debug|Any CPU
		{BF1B0316-769F-4E1A-908B-1E8CABE78CA5}.Release|Any CPU.ActiveCfg = Release|Any CPU
		{BF1B0316-769F-4E1A-908B-1E8CABE78CA5}.Release|Any CPU.Build.0 = Release|Any CPU
		{C7C40F75-301F-481A-8BB8-F98B9822DC42}.Debug|Any CPU.ActiveCfg = Debug|Any CPU
		{C7C40F75-301F-481A-8BB8-F98B9822DC42}.Debug|Any CPU.Build.0 = Debug|Any CPU
		{C7C40F75-301F-481A-8BB8-F98B9822DC42}.Release|Any CPU.ActiveCfg = Release|Any CPU
		{C7C40F75-301F-481A-8BB8-F98B9822DC42}.Release|Any CPU.Build.0 = Release|Any CPU
		{9DB28DFD-791D-4B90-8CC1-E2FC6BEF8852}.Debug|Any CPU.ActiveCfg = Debug|Any CPU
		{9DB28DFD-791D-4B90-8CC1-E2FC6BEF8852}.Debug|Any CPU.Build.0 = Debug|Any CPU
		{9DB28DFD-791D-4B90-8CC1-E2FC6BEF8852}.Release|Any CPU.ActiveCfg = Release|Any CPU
		{9DB28DFD-791D-4B90-8CC1-E2FC6BEF8852}.Release|Any CPU.Build.0 = Release|Any CPU
		{F020217E-C179-4155-BE70-715D3B8A284B}.Debug|Any CPU.ActiveCfg = Debug|Any CPU
		{F020217E-C179-4155-BE70-715D3B8A284B}.Debug|Any CPU.Build.0 = Debug|Any CPU
		{F020217E-C179-4155-BE70-715D3B8A284B}.Release|Any CPU.ActiveCfg = Release|Any CPU
		{F020217E-C179-4155-BE70-715D3B8A284B}.Release|Any CPU.Build.0 = Release|Any CPU
		{DD5BB69E-915B-423B-9C58-A6B9DA04D40F}.Debug|Any CPU.ActiveCfg = Debug|Any CPU
		{DD5BB69E-915B-423B-9C58-A6B9DA04D40F}.Debug|Any CPU.Build.0 = Debug|Any CPU
		{DD5BB69E-915B-423B-9C58-A6B9DA04D40F}.Release|Any CPU.ActiveCfg = Release|Any CPU
		{DD5BB69E-915B-423B-9C58-A6B9DA04D40F}.Release|Any CPU.Build.0 = Release|Any CPU
		{EAD4E2F8-1B09-4862-8226-051BAF446D22}.Debug|Any CPU.ActiveCfg = Debug|Any CPU
		{EAD4E2F8-1B09-4862-8226-051BAF446D22}.Debug|Any CPU.Build.0 = Debug|Any CPU
		{EAD4E2F8-1B09-4862-8226-051BAF446D22}.Release|Any CPU.ActiveCfg = Release|Any CPU
		{EAD4E2F8-1B09-4862-8226-051BAF446D22}.Release|Any CPU.Build.0 = Release|Any CPU
		{E677484C-D382-4F48-A55F-4521F62A7ACC}.Debug|Any CPU.ActiveCfg = Debug|Any CPU
		{E677484C-D382-4F48-A55F-4521F62A7ACC}.Debug|Any CPU.Build.0 = Debug|Any CPU
		{E677484C-D382-4F48-A55F-4521F62A7ACC}.Release|Any CPU.ActiveCfg = Release|Any CPU
		{E677484C-D382-4F48-A55F-4521F62A7ACC}.Release|Any CPU.Build.0 = Release|Any CPU
	EndGlobalSection
	GlobalSection(SolutionProperties) = preSolution
		HideSolutionNode = FALSE
	EndGlobalSection
	GlobalSection(NestedProjects) = preSolution
		{83CC749E-180D-4202-91FF-8F17D3D79637} = {A0334116-A856-4E69-A8AA-42D6518E373C}
		{DBBB05D4-B336-49A7-A42B-FE3518055B45} = {83CC749E-180D-4202-91FF-8F17D3D79637}
		{DC2CE50F-7588-4F3C-8548-405E499B2A63} = {A0334116-A856-4E69-A8AA-42D6518E373C}
		{BF1B0316-769F-4E1A-908B-1E8CABE78CA5} = {DC2CE50F-7588-4F3C-8548-405E499B2A63}
		{8B44E567-C6D8-4057-8EA0-3A4AD73E95F8} = {A0334116-A856-4E69-A8AA-42D6518E373C}
		{9DB28DFD-791D-4B90-8CC1-E2FC6BEF8852} = {8B44E567-C6D8-4057-8EA0-3A4AD73E95F8}
		{F020217E-C179-4155-BE70-715D3B8A284B} = {8B44E567-C6D8-4057-8EA0-3A4AD73E95F8}
		{DD5BB69E-915B-423B-9C58-A6B9DA04D40F} = {AA972C49-8F2C-40F8-8988-B93B722B2A8D}
		{EAD4E2F8-1B09-4862-8226-051BAF446D22} = {AA972C49-8F2C-40F8-8988-B93B722B2A8D}
		{E677484C-D382-4F48-A55F-4521F62A7ACC} = {AA972C49-8F2C-40F8-8988-B93B722B2A8D}
		{AA972C49-8F2C-40F8-8988-B93B722B2A8D} = {A0334116-A856-4E69-A8AA-42D6518E373C}
	EndGlobalSection
	GlobalSection(ExtensibilityGlobals) = postSolution
		SolutionGuid = {5F385471-95C0-4A23-90BA-A11581BE8DD6}
	EndGlobalSection
EndGlobal
