
Microsoft Visual Studio Solution File, Format Version 12.00
# Visual Studio Version 17
VisualStudioVersion = 17.8.34511.84
MinimumVisualStudioVersion = 10.0.40219.1
Project("{2150E333-8FDC-42A3-9474-1A3956D46DE8}") = "Services", "Services", "{A0334116-A856-4E69-A8AA-42D6518E373C}"
EndProject
Project("{2150E333-8FDC-42A3-9474-1A3956D46DE8}") = "Catalog", "Catalog", "{83CC749E-180D-4202-91FF-8F17D3D79637}"
EndProject
Project("{FAE04EC0-301F-11D3-BF4B-00C04F79EFBC}") = "Catalog.API", "Services\Catalog\Catalog.API\Catalog.API\Catalog.API.csproj", "{DBBB05D4-B336-49A7-A42B-FE3518055B45}"
EndProject
Global
	GlobalSection(SolutionConfigurationPlatforms) = preSolution
		Debug|Any CPU = Debug|Any CPU
		Release|Any CPU = Release|Any CPU
	EndGlobalSection
	GlobalSection(ProjectConfigurationPlatforms) = postSolution
		{DBBB05D4-B336-49A7-A42B-FE3518055B45}.Debug|Any CPU.ActiveCfg = Debug|Any CPU
		{DBBB05D4-B336-49A7-A42B-FE3518055B45}.Debug|Any CPU.Build.0 = Debug|Any CPU
		{DBBB05D4-B336-49A7-A42B-FE3518055B45}.Release|Any CPU.ActiveCfg = Release|Any CPU
		{DBBB05D4-B336-49A7-A42B-FE3518055B45}.Release|Any CPU.Build.0 = Release|Any CPU
	EndGlobalSection
	GlobalSection(SolutionProperties) = preSolution
		HideSolutionNode = FALSE
	EndGlobalSection
	GlobalSection(NestedProjects) = preSolution
		{83CC749E-180D-4202-91FF-8F17D3D79637} = {A0334116-A856-4E69-A8AA-42D6518E373C}
		{DBBB05D4-B336-49A7-A42B-FE3518055B45} = {83CC749E-180D-4202-91FF-8F17D3D79637}
	EndGlobalSection
	GlobalSection(ExtensibilityGlobals) = postSolution
		SolutionGuid = {5F385471-95C0-4A23-90BA-A11581BE8DD6}
	EndGlobalSection
EndGlobal
